{
  "lockfile_version": "1",
  "packages": {
    "git@2.47.0": {
      "last_modified": "2024-12-23T21:10:33Z",
      "resolved": "github:NixOS/nixpkgs/de1864217bfa9b5845f465e771e0ecb48b30e02d#git",
      "source": "devbox-search",
      "version": "2.47.0",
      "systems": {
        "aarch64-darwin": {
          "outputs": [
            {
              "name": "out",
              "path": "/nix/store/bi58hj6aqbswrwngsdzszzdf35vzsl36-git-2.47.0",
              "default": true
            },
            {
              "name": "doc",
              "path": "/nix/store/ilmzpslj8yvf5krdyz7bj08wjf03pxvj-git-2.47.0-doc"
            }
          ],
          "store_path": "/nix/store/bi58hj6aqbswrwngsdzszzdf35vzsl36-git-2.47.0"
        },
        "aarch64-linux": {
          "outputs": [
            {
              "name": "out",
              "path": "/nix/store/861v7354sw64ydk43jwdswwkqkf0dhq2-git-2.47.0",
              "default": true
            },
            {
              "name": "debug",
              "path": "/nix/store/cyfh5sk108g0yhif2ppxw3xyrbz9cc5k-git-2.47.0-debug"
            },
            {
              "name": "doc",
              "path": "/nix/store/4rj9xhq42v2b7nxf77xlkqbd20jzby0i-git-2.47.0-doc"
            }
          ],
          "store_path": "/nix/store/861v7354sw64ydk43jwdswwkqkf0dhq2-git-2.47.0"
        },
        "x86_64-darwin": {
          "outputs": [
            {
              "name": "out",
              "path": "/nix/store/v283088hdcppiswvqslgfspxwnq4ldz3-git-2.47.0",
              "default": true
            },
            {
              "name": "doc",
              "path": "/nix/store/i5rw1f8xv1sp13lcsxq0bkswn600lcmx-git-2.47.0-doc"
            }
          ],
          "store_path": "/nix/store/v283088hdcppiswvqslgfspxwnq4ldz3-git-2.47.0"
        },
        "x86_64-linux": {
          "outputs": [
            {
              "name": "out",
              "path": "/nix/store/iwq58rpn6idjnxbnyjh351776qzvsd0r-git-2.47.0",
              "default": true
            },
            {
              "name": "debug",
              "path": "/nix/store/1s38v03xh8d88b1wm8iwpkrpy6cf3ydq-git-2.47.0-debug"
            },
            {
              "name": "doc",
              "path": "/nix/store/kn855hkv6yda9wi7g48lxwgplijqijb9-git-2.47.0-doc"
            }
          ],
          "store_path": "/nix/store/iwq58rpn6idjnxbnyjh351776qzvsd0r-git-2.47.0"
        }
      }
    },
    "go@1.23.4": {
      "last_modified": "2024-12-23T21:10:33Z",
      "resolved": "github:NixOS/nixpkgs/de1864217bfa9b5845f465e771e0ecb48b30e02d#go",
      "source": "devbox-search",
      "version": "1.23.4",
      "systems": {
        "aarch64-darwin": {
          "outputs": [
            {
              "name": "out",
              "path": "/nix/store/bva4mymi5b2lhvvbccx8ipws89rar1d8-go-1.23.4",
              "default": true
            }
          ],
          "store_path": "/nix/store/bva4mymi5b2lhvvbccx8ipws89rar1d8-go-1.23.4"
        },
        "aarch64-linux": {
          "outputs": [
            {
              "name": "out",
              "path": "/nix/store/9lvi0l2yf6bwamsjs5d5n9i57c6kbd2c-go-1.23.4",
              "default": true
            }
          ],
          "store_path": "/nix/store/9lvi0l2yf6bwamsjs5d5n9i57c6kbd2c-go-1.23.4"
        },
        "x86_64-darwin": {
          "outputs": [
            {
              "name": "out",
              "path": "/nix/store/sf1y7x29wvp9lppx5ya9h5b42fcmxb32-go-1.23.4",
              "default": true
            }
          ],
          "store_path": "/nix/store/sf1y7x29wvp9lppx5ya9h5b42fcmxb32-go-1.23.4"
        },
        "x86_64-linux": {
          "outputs": [
            {
              "name": "out",
              "path": "/nix/store/jfv85qbj4vb1dafcg6kncg4vrbq2bbxv-go-1.23.4",
              "default": true
            }
          ],
          "store_path": "/nix/store/jfv85qbj4vb1dafcg6kncg4vrbq2bbxv-go-1.23.4"
        }
      }
    },
    "jq@1.7.1": {
      "last_modified": "2024-12-30T01:48:12Z",
      "resolved": "github:NixOS/nixpkgs/6d97d419e5a9b36e6293887a89a078cf85f5a61b#jq",
      "source": "devbox-search",
      "version": "1.7.1",
      "systems": {
        "aarch64-darwin": {
          "outputs": [
            {
              "name": "bin",
              "path": "/nix/store/x07x6ixbqrh7javaz84sh7lxy5zjwc66-jq-1.7.1-bin",
              "default": true
            },
            {
              "name": "man",
              "path": "/nix/store/fik16kqw21fpfknda8xpmqi94brmdy5m-jq-1.7.1-man",
              "default": true
            },
            {
              "name": "dev",
              "path": "/nix/store/lhqbi2g0dpiv87341gzzd3vlkcs817yq-jq-1.7.1-dev"
            },
            {
              "name": "doc",
              "path": "/nix/store/viyl0y7dbapp79ibwliqfljxr13n89b9-jq-1.7.1-doc"
            },
            {
              "name": "out",
              "path": "/nix/store/kkymhin05qdfplfnv5k50x0fb9qbvrbl-jq-1.7.1"
            }
          ],
          "store_path": "/nix/store/x07x6ixbqrh7javaz84sh7lxy5zjwc66-jq-1.7.1-bin"
        },
        "aarch64-linux": {
          "outputs": [
            {
              "name": "bin",
              "path": "/nix/store/bs198wj6yi71yzbiykizj5y79ll1y5a5-jq-1.7.1-bin",
              "default": true
            },
            {
              "name": "man",
              "path": "/nix/store/0brmnz2q55dkzqbnld9s2l53hzyi82yg-jq-1.7.1-man",
              "default": true
            },
            {
              "name": "out",
              "path": "/nix/store/cpxcnasas8nnwib686pbhzrkz1cnq0p6-jq-1.7.1"
            },
            {
              "name": "dev",
              "path": "/nix/store/ibh2q48q1xn2bfyvjm6kr3wkphi3rb9r-jq-1.7.1-dev"
            },
            {
              "name": "doc",
              "path": "/nix/store/wjjkav2gqfj67wzzkfw9gmp878dxpy0r-jq-1.7.1-doc"
            }
          ],
          "store_path": "/nix/store/bs198wj6yi71yzbiykizj5y79ll1y5a5-jq-1.7.1-bin"
        },
        "x86_64-darwin": {
          "outputs": [
            {
              "name": "bin",
              "path": "/nix/store/ingdf4pkbkm85bfl0j95j834lvhllp3a-jq-1.7.1-bin",
              "default": true
            },
            {
              "name": "man",
              "path": "/nix/store/w6aijc6k90s04jx5a7pk8j1gmacyllqc-jq-1.7.1-man",
              "default": true
            },
            {
              "name": "out",
              "path": "/nix/store/0g44qcyxjr944pn560l3mr884akh7il4-jq-1.7.1"
            },
            {
              "name": "dev",
              "path": "/nix/store/zvwl6lq9xq1sk9vapx51vajz00c80087-jq-1.7.1-dev"
            },
            {
              "name": "doc",
              "path": "/nix/store/22qfscingx32vgap2kg9gcrgcrvv6ykn-jq-1.7.1-doc"
            }
          ],
          "store_path": "/nix/store/ingdf4pkbkm85bfl0j95j834lvhllp3a-jq-1.7.1-bin"
        },
        "x86_64-linux": {
          "outputs": [
            {
              "name": "bin",
              "path": "/nix/store/c79nkzxaiki5r7igd4a5lawwdds38f2l-jq-1.7.1-bin",
              "default": true
            },
            {
              "name": "man",
              "path": "/nix/store/bj4b7al7f1x6lvsk1p5gza26ya5is8zn-jq-1.7.1-man",
              "default": true
            },
            {
              "name": "out",
              "path": "/nix/store/s8vyrf9xh2yh66ilivw3gi8hzxv7d44c-jq-1.7.1"
            },
            {
              "name": "dev",
              "path": "/nix/store/4nrxcmjis6bahcr6gphczjfhz12f2vnd-jq-1.7.1-dev"
            },
            {
              "name": "doc",
              "path": "/nix/store/kbp9hjh0zcqdc04kiya3wazs50g3mhnp-jq-1.7.1-doc"
            }
          ],
          "store_path": "/nix/store/c79nkzxaiki5r7igd4a5lawwdds38f2l-jq-1.7.1-bin"
        }
      }
    },
    "kubectl@1.31.2": {
      "last_modified": "2024-12-03T12:40:06Z",
      "resolved": "github:NixOS/nixpkgs/566e53c2ad750c84f6d31f9ccb9d00f823165550#kubectl",
      "source": "devbox-search",
      "version": "1.31.2",
      "systems": {
        "aarch64-darwin": {
          "outputs": [
            {
              "name": "out",
              "path": "/nix/store/4h9x0qgwzy2ck8zbcr0rs9wa7r9d2w1d-kubectl-1.31.2",
              "default": true
            },
            {
              "name": "man",
              "path": "/nix/store/7zcwgck6jgiq6akld3d58araw9cpxn1z-kubectl-1.31.2-man",
              "default": true
            },
            {
              "name": "convert",
              "path": "/nix/store/1ws1665h5aja4l1756g1qxqsc15z4skg-kubectl-1.31.2-convert"
            }
          ],
          "store_path": "/nix/store/4h9x0qgwzy2ck8zbcr0rs9wa7r9d2w1d-kubectl-1.31.2"
        },
        "aarch64-linux": {
          "outputs": [
            {
              "name": "out",
              "path": "/nix/store/hs22srzb0xw25047q72lzf8yvkyndayp-kubectl-1.31.2",
              "default": true
            },
            {
              "name": "man",
              "path": "/nix/store/m6pgvbcpw5yyiy5f2106ihkapk7kjv9l-kubectl-1.31.2-man",
              "default": true
            },
            {
              "name": "convert",
              "path": "/nix/store/mk43xaa0hzc5hsg115nfa89h8p05l70n-kubectl-1.31.2-convert"
            }
          ],
          "store_path": "/nix/store/hs22srzb0xw25047q72lzf8yvkyndayp-kubectl-1.31.2"
        },
        "x86_64-darwin": {
          "outputs": [
            {
              "name": "out",
              "path": "/nix/store/gly4lkqmncv1w3f8prsqkxwdbvqgkl9n-kubectl-1.31.2",
              "default": true
            },
            {
              "name": "man",
              "path": "/nix/store/akj5kj9i82b7qsqknmdr20ga4z48yf62-kubectl-1.31.2-man",
              "default": true
            },
            {
              "name": "convert",
              "path": "/nix/store/vxzk15k7vikpvy3l6cxndh97p68giaa6-kubectl-1.31.2-convert"
            }
          ],
          "store_path": "/nix/store/gly4lkqmncv1w3f8prsqkxwdbvqgkl9n-kubectl-1.31.2"
        },
        "x86_64-linux": {
          "outputs": [
            {
              "name": "out",
              "path": "/nix/store/1j9p9ln3z15hr13vnk1xgn3l7jhginph-kubectl-1.31.2",
              "default": true
            },
            {
              "name": "man",
              "path": "/nix/store/578hzmyh3y8lzrc8z9c6cpq2br34cvbm-kubectl-1.31.2-man",
              "default": true
            },
            {
              "name": "convert",
              "path": "/nix/store/3ydlgf7gg4b92bkbf6ipqrr2khkag66w-kubectl-1.31.2-convert"
            }
          ],
          "store_path": "/nix/store/1j9p9ln3z15hr13vnk1xgn3l7jhginph-kubectl-1.31.2"
        }
      }
    }
  }
}
